// !$*UTF8*$!
{
	archiveVersion = 1;
	classes = {
	};
	objectVersion = 46;
	objects = {

/* Begin PBXBuildFile section */
		DB3A2B411DD21CD8006D1317 /* AppDelegate.swift in Sources */ = {isa = PBXBuildFile; fileRef = DB3A2B401DD21CD8006D1317 /* AppDelegate.swift */; };
		DB3A2B461DD21CD8006D1317 /* Main.storyboard in Resources */ = {isa = PBXBuildFile; fileRef = DB3A2B441DD21CD8006D1317 /* Main.storyboard */; };
		DB3A2B481DD21CD8006D1317 /* Assets.xcassets in Resources */ = {isa = PBXBuildFile; fileRef = DB3A2B471DD21CD8006D1317 /* Assets.xcassets */; };
		DB3A2B4B1DD21CD8006D1317 /* LaunchScreen.storyboard in Resources */ = {isa = PBXBuildFile; fileRef = DB3A2B491DD21CD8006D1317 /* LaunchScreen.storyboard */; };
		DB3A2B561DD21CD8006D1317 /* LithiumDemoTests.swift in Sources */ = {isa = PBXBuildFile; fileRef = DB3A2B551DD21CD8006D1317 /* LithiumDemoTests.swift */; };
		DB3A2B651DD21D68006D1317 /* BaseRequestor.swift in Sources */ = {isa = PBXBuildFile; fileRef = DB3A2B601DD21D67006D1317 /* BaseRequestor.swift */; };
		DB3A2B661DD21D68006D1317 /* Conversion.swift in Sources */ = {isa = PBXBuildFile; fileRef = DB3A2B611DD21D67006D1317 /* Conversion.swift */; };
		DB3A2B671DD21D68006D1317 /* Deserialization.swift in Sources */ = {isa = PBXBuildFile; fileRef = DB3A2B621DD21D68006D1317 /* Deserialization.swift */; };
		DB3A2B6B1DD21F12006D1317 /* BooksResponse.swift in Sources */ = {isa = PBXBuildFile; fileRef = DB3A2B6A1DD21F12006D1317 /* BooksResponse.swift */; };
		DB3A2B6F1DD23876006D1317 /* TableViewController.swift in Sources */ = {isa = PBXBuildFile; fileRef = DB3A2B6E1DD23876006D1317 /* TableViewController.swift */; };
		DB3A2B741DD23CF7006D1317 /* TableViewCell.swift in Sources */ = {isa = PBXBuildFile; fileRef = DB3A2B721DD23CF7006D1317 /* TableViewCell.swift */; };
		DB3A2B751DD23CF7006D1317 /* TableViewCell.xib in Resources */ = {isa = PBXBuildFile; fileRef = DB3A2B731DD23CF7006D1317 /* TableViewCell.xib */; };
		DB3A2B771DD24AE1006D1317 /* Reusables.swift in Sources */ = {isa = PBXBuildFile; fileRef = DB3A2B761DD24AE1006D1317 /* Reusables.swift */; };
/* End PBXBuildFile section */

/* Begin PBXContainerItemProxy section */
		DB3A2B521DD21CD8006D1317 /* PBXContainerItemProxy */ = {
			isa = PBXContainerItemProxy;
			containerPortal = DB3A2B351DD21CD8006D1317 /* Project object */;
			proxyType = 1;
			remoteGlobalIDString = DB3A2B3C1DD21CD8006D1317;
			remoteInfo = LithiumDemo;
		};
/* End PBXContainerItemProxy section */

/* Begin PBXFileReference section */
		DB3A2B3D1DD21CD8006D1317 /* LithiumDemo.app */ = {isa = PBXFileReference; explicitFileType = wrapper.application; includeInIndex = 0; path = LithiumDemo.app; sourceTree = BUILT_PRODUCTS_DIR; };
		DB3A2B401DD21CD8006D1317 /* AppDelegate.swift */ = {isa = PBXFileReference; lastKnownFileType = sourcecode.swift; path = AppDelegate.swift; sourceTree = "<group>"; };
		DB3A2B451DD21CD8006D1317 /* Base */ = {isa = PBXFileReference; lastKnownFileType = file.storyboard; name = Base; path = Base.lproj/Main.storyboard; sourceTree = "<group>"; };
		DB3A2B471DD21CD8006D1317 /* Assets.xcassets */ = {isa = PBXFileReference; lastKnownFileType = folder.assetcatalog; path = Assets.xcassets; sourceTree = "<group>"; };
		DB3A2B4A1DD21CD8006D1317 /* Base */ = {isa = PBXFileReference; lastKnownFileType = file.storyboard; name = Base; path = Base.lproj/LaunchScreen.storyboard; sourceTree = "<group>"; };
		DB3A2B4C1DD21CD8006D1317 /* Info.plist */ = {isa = PBXFileReference; lastKnownFileType = text.plist.xml; path = Info.plist; sourceTree = "<group>"; };
		DB3A2B511DD21CD8006D1317 /* LithiumDemoTests.xctest */ = {isa = PBXFileReference; explicitFileType = wrapper.cfbundle; includeInIndex = 0; path = LithiumDemoTests.xctest; sourceTree = BUILT_PRODUCTS_DIR; };
		DB3A2B551DD21CD8006D1317 /* LithiumDemoTests.swift */ = {isa = PBXFileReference; lastKnownFileType = sourcecode.swift; path = LithiumDemoTests.swift; sourceTree = "<group>"; };
		DB3A2B571DD21CD8006D1317 /* Info.plist */ = {isa = PBXFileReference; lastKnownFileType = text.plist.xml; path = Info.plist; sourceTree = "<group>"; };
		DB3A2B601DD21D67006D1317 /* BaseRequestor.swift */ = {isa = PBXFileReference; fileEncoding = 4; lastKnownFileType = sourcecode.swift; path = BaseRequestor.swift; sourceTree = "<group>"; };
		DB3A2B611DD21D67006D1317 /* Conversion.swift */ = {isa = PBXFileReference; fileEncoding = 4; lastKnownFileType = sourcecode.swift; path = Conversion.swift; sourceTree = "<group>"; };
		DB3A2B621DD21D68006D1317 /* Deserialization.swift */ = {isa = PBXFileReference; fileEncoding = 4; lastKnownFileType = sourcecode.swift; path = Deserialization.swift; sourceTree = "<group>"; };
		DB3A2B6A1DD21F12006D1317 /* BooksResponse.swift */ = {isa = PBXFileReference; fileEncoding = 4; lastKnownFileType = sourcecode.swift; path = BooksResponse.swift; sourceTree = "<group>"; };
		DB3A2B6E1DD23876006D1317 /* TableViewController.swift */ = {isa = PBXFileReference; fileEncoding = 4; lastKnownFileType = sourcecode.swift; path = TableViewController.swift; sourceTree = "<group>"; };
		DB3A2B721DD23CF7006D1317 /* TableViewCell.swift */ = {isa = PBXFileReference; fileEncoding = 4; lastKnownFileType = sourcecode.swift; path = TableViewCell.swift; sourceTree = "<group>"; };
		DB3A2B731DD23CF7006D1317 /* TableViewCell.xib */ = {isa = PBXFileReference; fileEncoding = 4; lastKnownFileType = file.xib; path = TableViewCell.xib; sourceTree = "<group>"; };
		DB3A2B761DD24AE1006D1317 /* Reusables.swift */ = {isa = PBXFileReference; fileEncoding = 4; lastKnownFileType = sourcecode.swift; path = Reusables.swift; sourceTree = "<group>"; };
/* End PBXFileReference section */

/* Begin PBXFrameworksBuildPhase section */
		DB3A2B3A1DD21CD8006D1317 /* Frameworks */ = {
			isa = PBXFrameworksBuildPhase;
			buildActionMask = 2147483647;
			files = (
			);
			runOnlyForDeploymentPostprocessing = 0;
		};
		DB3A2B4E1DD21CD8006D1317 /* Frameworks */ = {
			isa = PBXFrameworksBuildPhase;
			buildActionMask = 2147483647;
			files = (
			);
			runOnlyForDeploymentPostprocessing = 0;
		};
/* End PBXFrameworksBuildPhase section */

/* Begin PBXGroup section */
		DB3A2B341DD21CD8006D1317 = {
			isa = PBXGroup;
			children = (
				DB3A2B3F1DD21CD8006D1317 /* LithiumDemo */,
				DB3A2B541DD21CD8006D1317 /* LithiumDemoTests */,
				DB3A2B3E1DD21CD8006D1317 /* Products */,
			);
			sourceTree = "<group>";
		};
		DB3A2B3E1DD21CD8006D1317 /* Products */ = {
			isa = PBXGroup;
			children = (
				DB3A2B3D1DD21CD8006D1317 /* LithiumDemo.app */,
				DB3A2B511DD21CD8006D1317 /* LithiumDemoTests.xctest */,
			);
			name = Products;
			sourceTree = "<group>";
		};
		DB3A2B3F1DD21CD8006D1317 /* LithiumDemo */ = {
			isa = PBXGroup;
			children = (
				DB3A2B601DD21D67006D1317 /* BaseRequestor.swift */,
				DB3A2B6A1DD21F12006D1317 /* BooksResponse.swift */,
				DB3A2B611DD21D67006D1317 /* Conversion.swift */,
				DB3A2B621DD21D68006D1317 /* Deserialization.swift */,
				DB3A2B401DD21CD8006D1317 /* AppDelegate.swift */,
				DB3A2B761DD24AE1006D1317 /* Reusables.swift */,
				DB3A2B6E1DD23876006D1317 /* TableViewController.swift */,
				DB3A2B721DD23CF7006D1317 /* TableViewCell.swift */,
				DB3A2B731DD23CF7006D1317 /* TableViewCell.xib */,
				DB3A2B441DD21CD8006D1317 /* Main.storyboard */,
				DB3A2B471DD21CD8006D1317 /* Assets.xcassets */,
				DB3A2B491DD21CD8006D1317 /* LaunchScreen.storyboard */,
				DB3A2B4C1DD21CD8006D1317 /* Info.plist */,
			);
			path = LithiumDemo;
			sourceTree = "<group>";
		};
		DB3A2B541DD21CD8006D1317 /* LithiumDemoTests */ = {
			isa = PBXGroup;
			children = (
				DB3A2B551DD21CD8006D1317 /* LithiumDemoTests.swift */,
				DB3A2B571DD21CD8006D1317 /* Info.plist */,
			);
			path = LithiumDemoTests;
			sourceTree = "<group>";
		};
/* End PBXGroup section */

/* Begin PBXNativeTarget section */
		DB3A2B3C1DD21CD8006D1317 /* LithiumDemo */ = {
			isa = PBXNativeTarget;
			buildConfigurationList = DB3A2B5A1DD21CD8006D1317 /* Build configuration list for PBXNativeTarget "LithiumDemo" */;
			buildPhases = (
				DB3A2B391DD21CD8006D1317 /* Sources */,
				DB3A2B3A1DD21CD8006D1317 /* Frameworks */,
				DB3A2B3B1DD21CD8006D1317 /* Resources */,
			);
			buildRules = (
			);
			dependencies = (
			);
			name = LithiumDemo;
			productName = LithiumDemo;
			productReference = DB3A2B3D1DD21CD8006D1317 /* LithiumDemo.app */;
			productType = "com.apple.product-type.application";
		};
		DB3A2B501DD21CD8006D1317 /* LithiumDemoTests */ = {
			isa = PBXNativeTarget;
			buildConfigurationList = DB3A2B5D1DD21CD8006D1317 /* Build configuration list for PBXNativeTarget "LithiumDemoTests" */;
			buildPhases = (
				DB3A2B4D1DD21CD8006D1317 /* Sources */,
				DB3A2B4E1DD21CD8006D1317 /* Frameworks */,
				DB3A2B4F1DD21CD8006D1317 /* Resources */,
			);
			buildRules = (
			);
			dependencies = (
				DB3A2B531DD21CD8006D1317 /* PBXTargetDependency */,
			);
			name = LithiumDemoTests;
			productName = LithiumDemoTests;
			productReference = DB3A2B511DD21CD8006D1317 /* LithiumDemoTests.xctest */;
			productType = "com.apple.product-type.bundle.unit-test";
		};
/* End PBXNativeTarget section */

/* Begin PBXProject section */
		DB3A2B351DD21CD8006D1317 /* Project object */ = {
			isa = PBXProject;
			attributes = {
				LastSwiftUpdateCheck = 0800;
				LastUpgradeCheck = 0800;
				ORGANIZATIONNAME = "Lab kumar";
				TargetAttributes = {
					DB3A2B3C1DD21CD8006D1317 = {
						CreatedOnToolsVersion = 8.0;
						ProvisioningStyle = Automatic;
					};
					DB3A2B501DD21CD8006D1317 = {
						CreatedOnToolsVersion = 8.0;
						ProvisioningStyle = Automatic;
						TestTargetID = DB3A2B3C1DD21CD8006D1317;
					};
				};
			};
			buildConfigurationList = DB3A2B381DD21CD8006D1317 /* Build configuration list for PBXProject "LithiumDemo" */;
			compatibilityVersion = "Xcode 3.2";
			developmentRegion = English;
			hasScannedForEncodings = 0;
			knownRegions = (
				en,
				Base,
			);
			mainGroup = DB3A2B341DD21CD8006D1317;
			productRefGroup = DB3A2B3E1DD21CD8006D1317 /* Products */;
			projectDirPath = "";
			projectRoot = "";
			targets = (
				DB3A2B3C1DD21CD8006D1317 /* LithiumDemo */,
				DB3A2B501DD21CD8006D1317 /* LithiumDemoTests */,
			);
		};
/* End PBXProject section */

/* Begin PBXResourcesBuildPhase section */
		DB3A2B3B1DD21CD8006D1317 /* Resources */ = {
			isa = PBXResourcesBuildPhase;
			buildActionMask = 2147483647;
			files = (
				DB3A2B4B1DD21CD8006D1317 /* LaunchScreen.storyboard in Resources */,
				DB3A2B751DD23CF7006D1317 /* TableViewCell.xib in Resources */,
				DB3A2B481DD21CD8006D1317 /* Assets.xcassets in Resources */,
				DB3A2B461DD21CD8006D1317 /* Main.storyboard in Resources */,
			);
			runOnlyForDeploymentPostprocessing = 0;
		};
		DB3A2B4F1DD21CD8006D1317 /* Resources */ = {
			isa = PBXResourcesBuildPhase;
			buildActionMask = 2147483647;
			files = (
			);
			runOnlyForDeploymentPostprocessing = 0;
		};
/* End PBXResourcesBuildPhase section */

/* Begin PBXSourcesBuildPhase section */
		DB3A2B391DD21CD8006D1317 /* Sources */ = {
			isa = PBXSourcesBuildPhase;
			buildActionMask = 2147483647;
			files = (
				DB3A2B661DD21D68006D1317 /* Conversion.swift in Sources */,
				DB3A2B671DD21D68006D1317 /* Deserialization.swift in Sources */,
				DB3A2B6B1DD21F12006D1317 /* BooksResponse.swift in Sources */,
				DB3A2B741DD23CF7006D1317 /* TableViewCell.swift in Sources */,
				DB3A2B651DD21D68006D1317 /* BaseRequestor.swift in Sources */,
				DB3A2B771DD24AE1006D1317 /* Reusables.swift in Sources */,
				DB3A2B6F1DD23876006D1317 /* TableViewController.swift in Sources */,
				DB3A2B411DD21CD8006D1317 /* AppDelegate.swift in Sources */,
			);
			runOnlyForDeploymentPostprocessing = 0;
		};
		DB3A2B4D1DD21CD8006D1317 /* Sources */ = {
			isa = PBXSourcesBuildPhase;
			buildActionMask = 2147483647;
			files = (
				DB3A2B561DD21CD8006D1317 /* LithiumDemoTests.swift in Sources */,
			);
			runOnlyForDeploymentPostprocessing = 0;
		};
/* End PBXSourcesBuildPhase section */

/* Begin PBXTargetDependency section */
		DB3A2B531DD21CD8006D1317 /* PBXTargetDependency */ = {
			isa = PBXTargetDependency;
			target = DB3A2B3C1DD21CD8006D1317 /* LithiumDemo */;
			targetProxy = DB3A2B521DD21CD8006D1317 /* PBXContainerItemProxy */;
		};
/* End PBXTargetDependency section */

/* Begin PBXVariantGroup section */
		DB3A2B441DD21CD8006D1317 /* Main.storyboard */ = {
			isa = PBXVariantGroup;
			children = (
				DB3A2B451DD21CD8006D1317 /* Base */,
			);
			name = Main.storyboard;
			sourceTree = "<group>";
		};
		DB3A2B491DD21CD8006D1317 /* LaunchScreen.storyboard */ = {
			isa = PBXVariantGroup;
			children = (
				DB3A2B4A1DD21CD8006D1317 /* Base */,
			);
			name = LaunchScreen.storyboard;
			sourceTree = "<group>";
		};
/* End PBXVariantGroup section */

/* Begin XCBuildConfiguration section */
		DB3A2B581DD21CD8006D1317 /* Debug */ = {
			isa = XCBuildConfiguration;
			buildSettings = {
				ALWAYS_SEARCH_USER_PATHS = NO;
				CLANG_ANALYZER_NONNULL = YES;
				CLANG_CXX_LANGUAGE_STANDARD = "gnu++0x";
				CLANG_CXX_LIBRARY = "libc++";
				CLANG_ENABLE_MODULES = YES;
				CLANG_ENABLE_OBJC_ARC = YES;
				CLANG_WARN_BOOL_CONVERSION = YES;
				CLANG_WARN_CONSTANT_CONVERSION = YES;
				CLANG_WARN_DIRECT_OBJC_ISA_USAGE = YES_ERROR;
				CLANG_WARN_DOCUMENTATION_COMMENTS = YES;
				CLANG_WARN_EMPTY_BODY = YES;
				CLANG_WARN_ENUM_CONVERSION = YES;
				CLANG_WARN_INFINITE_RECURSION = YES;
				CLANG_WARN_INT_CONVERSION = YES;
				CLANG_WARN_OBJC_ROOT_CLASS = YES_ERROR;
				CLANG_WARN_SUSPICIOUS_MOVES = YES;
				CLANG_WARN_UNREACHABLE_CODE = YES;
				CLANG_WARN__DUPLICATE_METHOD_MATCH = YES;
				"CODE_SIGN_IDENTITY[sdk=iphoneos*]" = "iPhone Developer";
				COPY_PHASE_STRIP = NO;
				DEBUG_INFORMATION_FORMAT = dwarf;
				ENABLE_STRICT_OBJC_MSGSEND = YES;
				ENABLE_TESTABILITY = YES;
				GCC_C_LANGUAGE_STANDARD = gnu99;
				GCC_DYNAMIC_NO_PIC = NO;
				GCC_NO_COMMON_BLOCKS = YES;
				GCC_OPTIMIZATION_LEVEL = 0;
				GCC_PREPROCESSOR_DEFINITIONS = (
					"DEBUG=1",
					"$(inherited)",
				);
				GCC_WARN_64_TO_32_BIT_CONVERSION = YES;
				GCC_WARN_ABOUT_RETURN_TYPE = YES_ERROR;
				GCC_WARN_UNDECLARED_SELECTOR = YES;
				GCC_WARN_UNINITIALIZED_AUTOS = YES_AGGRESSIVE;
				GCC_WARN_UNUSED_FUNCTION = YES;
				GCC_WARN_UNUSED_VARIABLE = YES;
				IPHONEOS_DEPLOYMENT_TARGET = 10.0;
				MTL_ENABLE_DEBUG_INFO = YES;
				ONLY_ACTIVE_ARCH = YES;
				SDKROOT = iphoneos;
				SWIFT_ACTIVE_COMPILATION_CONDITIONS = DEBUG;
				SWIFT_OPTIMIZATION_LEVEL = "-Onone";
				SWIFT_VERSION = 2.3;
			};
			name = Debug;
		};
		DB3A2B591DD21CD8006D1317 /* Release */ = {
			isa = XCBuildConfiguration;
			buildSettings = {
				ALWAYS_SEARCH_USER_PATHS = NO;
				CLANG_ANALYZER_NONNULL = YES;
				CLANG_CXX_LANGUAGE_STANDARD = "gnu++0x";
				CLANG_CXX_LIBRARY = "libc++";
				CLANG_ENABLE_MODULES = YES;
				CLANG_ENABLE_OBJC_ARC = YES;
				CLANG_WARN_BOOL_CONVERSION = YES;
				CLANG_WARN_CONSTANT_CONVERSION = YES;
				CLANG_WARN_DIRECT_OBJC_ISA_USAGE = YES_ERROR;
				CLANG_WARN_DOCUMENTATION_COMMENTS = YES;
				CLANG_WARN_EMPTY_BODY = YES;
				CLANG_WARN_ENUM_CONVERSION = YES;
				CLANG_WARN_INFINITE_RECURSION = YES;
				CLANG_WARN_INT_CONVERSION = YES;
				CLANG_WARN_OBJC_ROOT_CLASS = YES_ERROR;
				CLANG_WARN_SUSPICIOUS_MOVES = YES;
				CLANG_WARN_UNREACHABLE_CODE = YES;
				CLANG_WARN__DUPLICATE_METHOD_MATCH = YES;
				"CODE_SIGN_IDENTITY[sdk=iphoneos*]" = "iPhone Developer";
				COPY_PHASE_STRIP = NO;
				DEBUG_INFORMATION_FORMAT = "dwarf-with-dsym";
				ENABLE_NS_ASSERTIONS = NO;
				ENABLE_STRICT_OBJC_MSGSEND = YES;
				GCC_C_LANGUAGE_STANDARD = gnu99;
				GCC_NO_COMMON_BLOCKS = YES;
				GCC_WARN_64_TO_32_BIT_CONVERSION = YES;
				GCC_WARN_ABOUT_RETURN_TYPE = YES_ERROR;
				GCC_WARN_UNDECLARED_SELECTOR = YES;
				GCC_WARN_UNINITIALIZED_AUTOS = YES_AGGRESSIVE;
				GCC_WARN_UNUSED_FUNCTION = YES;
				GCC_WARN_UNUSED_VARIABLE = YES;
				IPHONEOS_DEPLOYMENT_TARGET = 10.0;
				MTL_ENABLE_DEBUG_INFO = NO;
				SDKROOT = iphoneos;
				SWIFT_OPTIMIZATION_LEVEL = "-Owholemodule";
				SWIFT_VERSION = 2.3;
				VALIDATE_PRODUCT = YES;
			};
			name = Release;
		};
		DB3A2B5B1DD21CD8006D1317 /* Debug */ = {
			isa = XCBuildConfiguration;
			buildSettings = {
				ASSETCATALOG_COMPILER_APPICON_NAME = AppIcon;
				INFOPLIST_FILE = LithiumDemo/Info.plist;
				LD_RUNPATH_SEARCH_PATHS = "$(inherited) @executable_path/Frameworks";
				PRODUCT_BUNDLE_IDENTIFIER = com.test.LithiumDemo;
				PRODUCT_NAME = "$(TARGET_NAME)";
				SWIFT_VERSION = 2.3;
			};
			name = Debug;
		};
		DB3A2B5C1DD21CD8006D1317 /* Release */ = {
			isa = XCBuildConfiguration;
			buildSettings = {
				ASSETCATALOG_COMPILER_APPICON_NAME = AppIcon;
				INFOPLIST_FILE = LithiumDemo/Info.plist;
				LD_RUNPATH_SEARCH_PATHS = "$(inherited) @executable_path/Frameworks";
				PRODUCT_BUNDLE_IDENTIFIER = com.test.LithiumDemo;
				PRODUCT_NAME = "$(TARGET_NAME)";
				SWIFT_VERSION = 2.3;
			};
			name = Release;
		};
		DB3A2B5E1DD21CD8006D1317 /* Debug */ = {
			isa = XCBuildConfiguration;
			buildSettings = {
				ALWAYS_EMBED_SWIFT_STANDARD_LIBRARIES = YES;
				BUNDLE_LOADER = "$(TEST_HOST)";
				INFOPLIST_FILE = LithiumDemoTests/Info.plist;
				LD_RUNPATH_SEARCH_PATHS = "$(inherited) @executable_path/Frameworks @loader_path/Frameworks";
				PRODUCT_BUNDLE_IDENTIFIER = com.test.LithiumDemoTests;
				PRODUCT_NAME = "$(TARGET_NAME)";
				SWIFT_VERSION = 2.3;
				TEST_HOST = "$(BUILT_PRODUCTS_DIR)/LithiumDemo.app/LithiumDemo";
			};
			name = Debug;
		};
		DB3A2B5F1DD21CD8006D1317 /* Release */ = {
			isa = XCBuildConfiguration;
			buildSettings = {
				ALWAYS_EMBED_SWIFT_STANDARD_LIBRARIES = YES;
				BUNDLE_LOADER = "$(TEST_HOST)";
				INFOPLIST_FILE = LithiumDemoTests/Info.plist;
				LD_RUNPATH_SEARCH_PATHS = "$(inherited) @executable_path/Frameworks @loader_path/Frameworks";
				PRODUCT_BUNDLE_IDENTIFIER = com.test.LithiumDemoTests;
				PRODUCT_NAME = "$(TARGET_NAME)";
				SWIFT_VERSION = 2.3;
				TEST_HOST = "$(BUILT_PRODUCTS_DIR)/LithiumDemo.app/LithiumDemo";
			};
			name = Release;
		};
/* End XCBuildConfiguration section */

/* Begin XCConfigurationList section */
		DB3A2B381DD21CD8006D1317 /* Build configuration list for PBXProject "LithiumDemo" */ = {
			isa = XCConfigurationList;
			buildConfigurations = (
				DB3A2B581DD21CD8006D1317 /* Debug */,
				DB3A2B591DD21CD8006D1317 /* Release */,
			);
			defaultConfigurationIsVisible = 0;
			defaultConfigurationName = Release;
		};
		DB3A2B5A1DD21CD8006D1317 /* Build configuration list for PBXNativeTarget "LithiumDemo" */ = {
			isa = XCConfigurationList;
			buildConfigurations = (
				DB3A2B5B1DD21CD8006D1317 /* Debug */,
				DB3A2B5C1DD21CD8006D1317 /* Release */,
			);
			defaultConfigurationIsVisible = 0;
		};
		DB3A2B5D1DD21CD8006D1317 /* Build configuration list for PBXNativeTarget "LithiumDemoTests" */ = {
			isa = XCConfigurationList;
			buildConfigurations = (
				DB3A2B5E1DD21CD8006D1317 /* Debug */,
				DB3A2B5F1DD21CD8006D1317 /* Release */,
			);
			defaultConfigurationIsVisible = 0;
		};
/* End XCConfigurationList section */
	};
	rootObject = DB3A2B351DD21CD8006D1317 /* Project object */;
}
